
Microsoft Visual Studio Solution File, Format Version 12.00
# Visual Studio Version 16
VisualStudioVersion = 16.0.30804.86
MinimumVisualStudioVersion = 10.0.40219.1
Project("{9A19103F-16F7-4668-BE54-9A1E7A4F7556}") = "SharedLibrary", "SharedLibrary\SharedLibrary.csproj", "{81A81366-E624-4C8F-B934-2DC9A53ADC1D}"
EndProject
Project("{9A19103F-16F7-4668-BE54-9A1E7A4F7556}") = "BackendDemoProject.Data", "BackendDemoProject.Data\BackendDemoProject.Data.csproj", "{F274827C-AD37-420E-AF15-B8477748461E}"
EndProject
Project("{9A19103F-16F7-4668-BE54-9A1E7A4F7556}") = "BackendDemoProject.Core", "BackendDemoProject.Core\BackendDemoProject.Core.csproj", "{F4014E93-C7C0-484F-8645-E033A01A4839}"
EndProject
Project("{9A19103F-16F7-4668-BE54-9A1E7A4F7556}") = "BackendDemoProject.Service", "BackendDemoProject.Service\BackendDemoProject.Service.csproj", "{80B0797A-9E3F-4913-80F8-7DB4DA53EC03}"
EndProject
Project("{9A19103F-16F7-4668-BE54-9A1E7A4F7556}") = "BackendDemoProject.AuthServer", "BackendDemoProject.AuthServer\BackendDemoProject.AuthServer.csproj", "{58AA4C1B-005E-49B0-A80B-66602B92DB68}"
EndProject
Project("{FAE04EC0-301F-11D3-BF4B-00C04F79EFBC}") = "BackendDemoProject", "BackendDemoProject\BackendDemoProject.csproj", "{2033B8F0-8B62-4920-9632-AA3E3EFA1245}"
EndProject
Global
	GlobalSection(SolutionConfigurationPlatforms) = preSolution
		Debug|Any CPU = Debug|Any CPU
		Release|Any CPU = Release|Any CPU
	EndGlobalSection
	GlobalSection(ProjectConfigurationPlatforms) = postSolution
		{81A81366-E624-4C8F-B934-2DC9A53ADC1D}.Debug|Any CPU.ActiveCfg = Debug|Any CPU
		{81A81366-E624-4C8F-B934-2DC9A53ADC1D}.Debug|Any CPU.Build.0 = Debug|Any CPU
		{81A81366-E624-4C8F-B934-2DC9A53ADC1D}.Release|Any CPU.ActiveCfg = Release|Any CPU
		{81A81366-E624-4C8F-B934-2DC9A53ADC1D}.Release|Any CPU.Build.0 = Release|Any CPU
		{F274827C-AD37-420E-AF15-B8477748461E}.Debug|Any CPU.ActiveCfg = Debug|Any CPU
		{F274827C-AD37-420E-AF15-B8477748461E}.Debug|Any CPU.Build.0 = Debug|Any CPU
		{F274827C-AD37-420E-AF15-B8477748461E}.Release|Any CPU.ActiveCfg = Release|Any CPU
		{F274827C-AD37-420E-AF15-B8477748461E}.Release|Any CPU.Build.0 = Release|Any CPU
		{F4014E93-C7C0-484F-8645-E033A01A4839}.Debug|Any CPU.ActiveCfg = Debug|Any CPU
		{F4014E93-C7C0-484F-8645-E033A01A4839}.Debug|Any CPU.Build.0 = Debug|Any CPU
		{F4014E93-C7C0-484F-8645-E033A01A4839}.Release|Any CPU.ActiveCfg = Release|Any CPU
		{F4014E93-C7C0-484F-8645-E033A01A4839}.Release|Any CPU.Build.0 = Release|Any CPU
		{80B0797A-9E3F-4913-80F8-7DB4DA53EC03}.Debug|Any CPU.ActiveCfg = Debug|Any CPU
		{80B0797A-9E3F-4913-80F8-7DB4DA53EC03}.Debug|Any CPU.Build.0 = Debug|Any CPU
		{80B0797A-9E3F-4913-80F8-7DB4DA53EC03}.Release|Any CPU.ActiveCfg = Release|Any CPU
		{80B0797A-9E3F-4913-80F8-7DB4DA53EC03}.Release|Any CPU.Build.0 = Release|Any CPU
		{58AA4C1B-005E-49B0-A80B-66602B92DB68}.Debug|Any CPU.ActiveCfg = Debug|Any CPU
		{58AA4C1B-005E-49B0-A80B-66602B92DB68}.Debug|Any CPU.Build.0 = Debug|Any CPU
		{58AA4C1B-005E-49B0-A80B-66602B92DB68}.Release|Any CPU.ActiveCfg = Release|Any CPU
		{58AA4C1B-005E-49B0-A80B-66602B92DB68}.Release|Any CPU.Build.0 = Release|Any CPU
		{2033B8F0-8B62-4920-9632-AA3E3EFA1245}.Debug|Any CPU.ActiveCfg = Debug|Any CPU
		{2033B8F0-8B62-4920-9632-AA3E3EFA1245}.Debug|Any CPU.Build.0 = Debug|Any CPU
		{2033B8F0-8B62-4920-9632-AA3E3EFA1245}.Release|Any CPU.ActiveCfg = Release|Any CPU
		{2033B8F0-8B62-4920-9632-AA3E3EFA1245}.Release|Any CPU.Build.0 = Release|Any CPU
	EndGlobalSection
	GlobalSection(SolutionProperties) = preSolution
		HideSolutionNode = FALSE
	EndGlobalSection
	GlobalSection(ExtensibilityGlobals) = postSolution
		SolutionGuid = {D966CC77-B0E1-4922-8DA0-D10FD70C871D}
	EndGlobalSection
EndGlobal
